
Microsoft Visual Studio Solution File, Format Version 12.00
# Visual Studio Version 16
VisualStudioVersion = 16.0.31424.327
MinimumVisualStudioVersion = 10.0.40219.1
Project("{FAE04EC0-301F-11D3-BF4B-00C04F79EFBC}") = "AFirmasi.Core", "AFirmasi.Core\AFirmasi.Core.csproj", "{02690607-D7DC-42B9-BE56-30AE31389D69}"
EndProject
Project("{FAE04EC0-301F-11D3-BF4B-00C04F79EFBC}") = "AFirmasi.MyNotes.Business", "AFirmasi.MyNotes.Business\AFirmasi.MyNotes.Business.csproj", "{FD46BF05-05A2-41DD-AD5D-9F672BD47942}"
EndProject
Project("{FAE04EC0-301F-11D3-BF4B-00C04F79EFBC}") = "AFirmasi.MyNotes.DataAccess", "AFirmasi.MyNotes.DataAccess\AFirmasi.MyNotes.DataAccess.csproj", "{DA02100E-93EB-40C7-961B-3B8F50854495}"
EndProject
Project("{FAE04EC0-301F-11D3-BF4B-00C04F79EFBC}") = "AFirmasi.MyNotes.Entities", "AFirmasi.MyNotes.Entities\AFirmasi.MyNotes.Entities.csproj", "{F758AB13-0A6A-4871-AC64-FD6F47F5A8E9}"
EndProject
Project("{FAE04EC0-301F-11D3-BF4B-00C04F79EFBC}") = "AFirmasi.MyNotes.WebApiService", "AFirmasi.MyNotes.WebApiService\AFirmasi.MyNotes.WebApiService.csproj", "{FFCDCEFD-A6CA-49B3-A553-9136A07854CB}"
EndProject
Global
	GlobalSection(SolutionConfigurationPlatforms) = preSolution
		Debug|Any CPU = Debug|Any CPU
		Release|Any CPU = Release|Any CPU
	EndGlobalSection
	GlobalSection(ProjectConfigurationPlatforms) = postSolution
		{02690607-D7DC-42B9-BE56-30AE31389D69}.Debug|Any CPU.ActiveCfg = Debug|Any CPU
		{02690607-D7DC-42B9-BE56-30AE31389D69}.Debug|Any CPU.Build.0 = Debug|Any CPU
		{02690607-D7DC-42B9-BE56-30AE31389D69}.Release|Any CPU.ActiveCfg = Release|Any CPU
		{02690607-D7DC-42B9-BE56-30AE31389D69}.Release|Any CPU.Build.0 = Release|Any CPU
		{FD46BF05-05A2-41DD-AD5D-9F672BD47942}.Debug|Any CPU.ActiveCfg = Debug|Any CPU
		{FD46BF05-05A2-41DD-AD5D-9F672BD47942}.Debug|Any CPU.Build.0 = Debug|Any CPU
		{FD46BF05-05A2-41DD-AD5D-9F672BD47942}.Release|Any CPU.ActiveCfg = Release|Any CPU
		{FD46BF05-05A2-41DD-AD5D-9F672BD47942}.Release|Any CPU.Build.0 = Release|Any CPU
		{DA02100E-93EB-40C7-961B-3B8F50854495}.Debug|Any CPU.ActiveCfg = Debug|Any CPU
		{DA02100E-93EB-40C7-961B-3B8F50854495}.Debug|Any CPU.Build.0 = Debug|Any CPU
		{DA02100E-93EB-40C7-961B-3B8F50854495}.Release|Any CPU.ActiveCfg = Release|Any CPU
		{DA02100E-93EB-40C7-961B-3B8F50854495}.Release|Any CPU.Build.0 = Release|Any CPU
		{F758AB13-0A6A-4871-AC64-FD6F47F5A8E9}.Debug|Any CPU.ActiveCfg = Debug|Any CPU
		{F758AB13-0A6A-4871-AC64-FD6F47F5A8E9}.Debug|Any CPU.Build.0 = Debug|Any CPU
		{F758AB13-0A6A-4871-AC64-FD6F47F5A8E9}.Release|Any CPU.ActiveCfg = Release|Any CPU
		{F758AB13-0A6A-4871-AC64-FD6F47F5A8E9}.Release|Any CPU.Build.0 = Release|Any CPU
		{FFCDCEFD-A6CA-49B3-A553-9136A07854CB}.Debug|Any CPU.ActiveCfg = Debug|Any CPU
		{FFCDCEFD-A6CA-49B3-A553-9136A07854CB}.Debug|Any CPU.Build.0 = Debug|Any CPU
		{FFCDCEFD-A6CA-49B3-A553-9136A07854CB}.Release|Any CPU.ActiveCfg = Release|Any CPU
		{FFCDCEFD-A6CA-49B3-A553-9136A07854CB}.Release|Any CPU.Build.0 = Release|Any CPU
	EndGlobalSection
	GlobalSection(SolutionProperties) = preSolution
		HideSolutionNode = FALSE
	EndGlobalSection
	GlobalSection(ExtensibilityGlobals) = postSolution
		SolutionGuid = {EC209773-5B42-47D6-9A82-7250FBE1EC50}
	EndGlobalSection
EndGlobal
